<Solution>
  <Folder Name="/Solution Items/">
    <File Path=".editorconfig" />
  </Folder>
  <Project Path="Day01/Day01.csproj" />
  <Project Path="Day02/Day02.csproj" Id="d6b54185-0426-4b84-bc01-bf197817a064" />
  <Project Path="Day03/Day03.csproj" Id="66e6d90f-b099-44a7-a19d-a67b2401109d" />
  <Project Path="Day04/Day04.csproj" Id="dff1a969-5a1c-4773-a04d-cb1fa01bbcdc" />
  <Project Path="Day05/Day05.csproj" Id="e138847b-85b9-4a85-9db7-d140e4002e7f" />
  <Project Path="Day06/Day06.csproj" Id="8370db59-a61c-40d2-b879-0459aae2dc96" />
  <Project Path="Day07/Day07.csproj" Id="c0c04349-17c0-48c2-b00a-be98a6e98042" />
  <Project Path="Day08/Day08.csproj" Id="656819af-57fb-42a3-95fc-2f4d12f54f7d" />
</Solution>
